// !$*UTF8*$!
{
	archiveVersion = 1;
	classes = {
	};
	objectVersion = 56;
	objects = {

/* Begin PBXBuildFile section */
		D0C2F0142B962B2900D9C6F9 /* CompaniesCell.swift in Sources */ = {isa = PBXBuildFile; fileRef = D0C2F0132B962B2900D9C6F9 /* CompaniesCell.swift */; };
		FA02AEBE2B971ED5005CCEA7 /* OlousLogo.svg in Resources */ = {isa = PBXBuildFile; fileRef = FA02AEBD2B971ED5005CCEA7 /* OlousLogo.svg */; };
		FA7C4EC02BA4259600900BF8 /* EditProfileVC.swift in Sources */ = {isa = PBXBuildFile; fileRef = FA7C4EBF2BA4259500900BF8 /* EditProfileVC.swift */; };
		FA7C4EC32BA4507C00900BF8 /* Model.swift in Sources */ = {isa = PBXBuildFile; fileRef = FA7C4EC22BA4507C00900BF8 /* Model.swift */; };
		FA9AB5682BBFB99E00D013BF /* EmploymentCell.swift in Sources */ = {isa = PBXBuildFile; fileRef = FA9AB5672BBFB99E00D013BF /* EmploymentCell.swift */; };
		FA9AB56A2BBFBDC600D013BF /* EmploymentsVC.swift in Sources */ = {isa = PBXBuildFile; fileRef = FA9AB5692BBFBDC600D013BF /* EmploymentsVC.swift */; };
		FAA2C5412BB404380006E7A6 /* HeadlineAndSummary.swift in Sources */ = {isa = PBXBuildFile; fileRef = FAA2C5402BB404380006E7A6 /* HeadlineAndSummary.swift */; };
		FAA8EBD22BBBCA2100F11455 /* SkillsVC.swift in Sources */ = {isa = PBXBuildFile; fileRef = FAA8EBD12BBBCA2100F11455 /* SkillsVC.swift */; };
		FAAD4EB42B96EB280020EDA7 /* JobsCell.swift in Sources */ = {isa = PBXBuildFile; fileRef = FAAD4EB32B96EB280020EDA7 /* JobsCell.swift */; };
		FAAD6F8A2BF215620005AC93 /* LoginOtpVC.swift in Sources */ = {isa = PBXBuildFile; fileRef = FAAD6F892BF215620005AC93 /* LoginOtpVC.swift */; };
		FAAF181D2BC9053B0087699B /* EducationCell.swift in Sources */ = {isa = PBXBuildFile; fileRef = FAAF181C2BC9053B0087699B /* EducationCell.swift */; };
		FAB333312BD7745D00D05685 /* JobSearchResult2.swift in Sources */ = {isa = PBXBuildFile; fileRef = FAB333302BD7745D00D05685 /* JobSearchResult2.swift */; };
		FAB40D262B95912200B50B7F /* locationLogo.jpg in Resources */ = {isa = PBXBuildFile; fileRef = FAB40D252B95912200B50B7F /* locationLogo.jpg */; };
		FAB40D2A2B95ABC600B50B7F /* JobSearchScreen.swift in Sources */ = {isa = PBXBuildFile; fileRef = FAB40D292B95ABC600B50B7F /* JobSearchScreen.swift */; };
		FAB45ACF2BEC84C700D9C283 /* CompanyDetailVC.swift in Sources */ = {isa = PBXBuildFile; fileRef = FAB45ACE2BEC84C700D9C283 /* CompanyDetailVC.swift */; };
		FAB7B9852BAD424B00B5A9FA /* FilterOptionsCell.swift in Sources */ = {isa = PBXBuildFile; fileRef = FAB7B9842BAD424B00B5A9FA /* FilterOptionsCell.swift */; };
		FAB8E6FF2BF340180020ED39 /* RegisterOtpVC.swift in Sources */ = {isa = PBXBuildFile; fileRef = FAB8E6FE2BF340180020ED39 /* RegisterOtpVC.swift */; };
		FAB8E7012BF387A70020ED39 /* PersonalInfoVC.swift in Sources */ = {isa = PBXBuildFile; fileRef = FAB8E7002BF387A70020ED39 /* PersonalInfoVC.swift */; };
		FABBA10E2BE8ECA800B2F933 /* ForgotPassword3.swift in Sources */ = {isa = PBXBuildFile; fileRef = FABBA10D2BE8ECA800B2F933 /* ForgotPassword3.swift */; };
		FAC251BA2B9ECB5E0076DE75 /* JobDetailScreen.swift in Sources */ = {isa = PBXBuildFile; fileRef = FAC251B92B9ECB5E0076DE75 /* JobDetailScreen.swift */; };
		FAC3A13A2B9191C500E17AFD /* AppDelegate.swift in Sources */ = {isa = PBXBuildFile; fileRef = FAC3A1392B9191C500E17AFD /* AppDelegate.swift */; };
		FAC3A13C2B9191C600E17AFD /* SceneDelegate.swift in Sources */ = {isa = PBXBuildFile; fileRef = FAC3A13B2B9191C600E17AFD /* SceneDelegate.swift */; };
		FAC3A13E2B9191C600E17AFD /* ViewController.swift in Sources */ = {isa = PBXBuildFile; fileRef = FAC3A13D2B9191C600E17AFD /* ViewController.swift */; };
		FAC3A1412B9191C600E17AFD /* Main.storyboard in Resources */ = {isa = PBXBuildFile; fileRef = FAC3A13F2B9191C600E17AFD /* Main.storyboard */; };
		FAC3A1432B9191C700E17AFD /* Assets.xcassets in Resources */ = {isa = PBXBuildFile; fileRef = FAC3A1422B9191C700E17AFD /* Assets.xcassets */; };
		FAC3A1462B9191C700E17AFD /* LaunchScreen.storyboard in Resources */ = {isa = PBXBuildFile; fileRef = FAC3A1442B9191C700E17AFD /* LaunchScreen.storyboard */; };
		FAC3A14F2B91927200E17AFD /* TabBarController.swift in Sources */ = {isa = PBXBuildFile; fileRef = FAC3A14E2B91927200E17AFD /* TabBarController.swift */; };
		FAC3A1512B919F2500E17AFD /* HomeController.swift in Sources */ = {isa = PBXBuildFile; fileRef = FAC3A1502B919F2500E17AFD /* HomeController.swift */; };
		FAC3A1532B919F3F00E17AFD /* MyJobsController.swift in Sources */ = {isa = PBXBuildFile; fileRef = FAC3A1522B919F3F00E17AFD /* MyJobsController.swift */; };
		FAC3A1552B919F5400E17AFD /* CompanyController.swift in Sources */ = {isa = PBXBuildFile; fileRef = FAC3A1542B919F5400E17AFD /* CompanyController.swift */; };
		FAC3A1572B919F6400E17AFD /* ProfileController.swift in Sources */ = {isa = PBXBuildFile; fileRef = FAC3A1562B919F6400E17AFD /* ProfileController.swift */; };
		FAC972412BBD2C630026C32D /* SoftwaresVC.swift in Sources */ = {isa = PBXBuildFile; fileRef = FAC972402BBD2C620026C32D /* SoftwaresVC.swift */; };
		FACCE4D52BB285C500DAD5D2 /* RegistrationVC.swift in Sources */ = {isa = PBXBuildFile; fileRef = FACCE4D42BB285C500DAD5D2 /* RegistrationVC.swift */; };
		FACCE4D72BB2CAA700DAD5D2 /* LoginVC.swift in Sources */ = {isa = PBXBuildFile; fileRef = FACCE4D62BB2CAA700DAD5D2 /* LoginVC.swift */; };
		FACCE4D92BB2D80B00DAD5D2 /* ForgotPassword1.swift in Sources */ = {isa = PBXBuildFile; fileRef = FACCE4D82BB2D80B00DAD5D2 /* ForgotPassword1.swift */; };
		FACCE4DC2BB2F3C600DAD5D2 /* ForgotPassword2.swift in Sources */ = {isa = PBXBuildFile; fileRef = FACCE4DB2BB2F3C600DAD5D2 /* ForgotPassword2.swift */; };
		FACDFA842BC3A9FD00E35ED1 /* ProjectCell.swift in Sources */ = {isa = PBXBuildFile; fileRef = FACDFA832BC3A9FD00E35ED1 /* ProjectCell.swift */; };
		FACDFA862BC3F33600E35ED1 /* JobModel.swift in Sources */ = {isa = PBXBuildFile; fileRef = FACDFA852BC3F33600E35ED1 /* JobModel.swift */; };
		FAD04C1F2BBA6EAB000E08E2 /* QualificationsVC.swift in Sources */ = {isa = PBXBuildFile; fileRef = FAD04C1E2BBA6EAB000E08E2 /* QualificationsVC.swift */; };
		FAD04C212BBA711F000E08E2 /* ProjectsVC.swift in Sources */ = {isa = PBXBuildFile; fileRef = FAD04C202BBA711F000E08E2 /* ProjectsVC.swift */; };
		FAD1AE7A2BE9F17D005573D2 /* ForgotPassword4.swift in Sources */ = {isa = PBXBuildFile; fileRef = FAD1AE792BE9F17D005573D2 /* ForgotPassword4.swift */; };
		FAD560B92BCF867900A7FCBD /* PreferencesVC.swift in Sources */ = {isa = PBXBuildFile; fileRef = FAD560B82BCF867900A7FCBD /* PreferencesVC.swift */; };
		FAE0A1EE2BB3D51500F07B29 /* BasicDetails1.swift in Sources */ = {isa = PBXBuildFile; fileRef = FAE0A1ED2BB3D51500F07B29 /* BasicDetails1.swift */; };
		FAF4B59F2BBE8651008E3645 /* LanguageCell.swift in Sources */ = {isa = PBXBuildFile; fileRef = FAF4B59E2BBE8651008E3645 /* LanguageCell.swift */; };
		FAF4B5A12BBEA728008E3645 /* Skill-Software Cell.swift in Sources */ = {isa = PBXBuildFile; fileRef = FAF4B5A02BBEA728008E3645 /* Skill-Software Cell.swift */; };
/* End PBXBuildFile section */

/* Begin PBXFileReference section */
		D0C2F0132B962B2900D9C6F9 /* CompaniesCell.swift */ = {isa = PBXFileReference; lastKnownFileType = sourcecode.swift; path = CompaniesCell.swift; sourceTree = "<group>"; };
		FA02AEBD2B971ED5005CCEA7 /* OlousLogo.svg */ = {isa = PBXFileReference; fileEncoding = 4; lastKnownFileType = text; path = OlousLogo.svg; sourceTree = "<group>"; };
		FA7C4EBF2BA4259500900BF8 /* EditProfileVC.swift */ = {isa = PBXFileReference; lastKnownFileType = sourcecode.swift; path = EditProfileVC.swift; sourceTree = "<group>"; };
		FA7C4EC22BA4507C00900BF8 /* Model.swift */ = {isa = PBXFileReference; lastKnownFileType = sourcecode.swift; path = Model.swift; sourceTree = "<group>"; };
		FA9AB5672BBFB99E00D013BF /* EmploymentCell.swift */ = {isa = PBXFileReference; lastKnownFileType = sourcecode.swift; path = EmploymentCell.swift; sourceTree = "<group>"; };
		FA9AB5692BBFBDC600D013BF /* EmploymentsVC.swift */ = {isa = PBXFileReference; lastKnownFileType = sourcecode.swift; path = EmploymentsVC.swift; sourceTree = "<group>"; };
		FAA2C5402BB404380006E7A6 /* HeadlineAndSummary.swift */ = {isa = PBXFileReference; lastKnownFileType = sourcecode.swift; path = HeadlineAndSummary.swift; sourceTree = "<group>"; };
		FAA8EBD12BBBCA2100F11455 /* SkillsVC.swift */ = {isa = PBXFileReference; lastKnownFileType = sourcecode.swift; path = SkillsVC.swift; sourceTree = "<group>"; };
		FAAD4EB32B96EB280020EDA7 /* JobsCell.swift */ = {isa = PBXFileReference; lastKnownFileType = sourcecode.swift; path = JobsCell.swift; sourceTree = "<group>"; };
		FAAD6F892BF215620005AC93 /* LoginOtpVC.swift */ = {isa = PBXFileReference; lastKnownFileType = sourcecode.swift; path = LoginOtpVC.swift; sourceTree = "<group>"; };
		FAAF181C2BC9053B0087699B /* EducationCell.swift */ = {isa = PBXFileReference; lastKnownFileType = sourcecode.swift; path = EducationCell.swift; sourceTree = "<group>"; };
		FAB333302BD7745D00D05685 /* JobSearchResult2.swift */ = {isa = PBXFileReference; lastKnownFileType = sourcecode.swift; path = JobSearchResult2.swift; sourceTree = "<group>"; };
		FAB40D252B95912200B50B7F /* locationLogo.jpg */ = {isa = PBXFileReference; lastKnownFileType = image.jpeg; path = locationLogo.jpg; sourceTree = "<group>"; };
		FAB40D292B95ABC600B50B7F /* JobSearchScreen.swift */ = {isa = PBXFileReference; lastKnownFileType = sourcecode.swift; path = JobSearchScreen.swift; sourceTree = "<group>"; };
		FAB45ACE2BEC84C700D9C283 /* CompanyDetailVC.swift */ = {isa = PBXFileReference; lastKnownFileType = sourcecode.swift; path = CompanyDetailVC.swift; sourceTree = "<group>"; };
		FAB7B9842BAD424B00B5A9FA /* FilterOptionsCell.swift */ = {isa = PBXFileReference; lastKnownFileType = sourcecode.swift; path = FilterOptionsCell.swift; sourceTree = "<group>"; };
		FAB8E6FE2BF340180020ED39 /* RegisterOtpVC.swift */ = {isa = PBXFileReference; lastKnownFileType = sourcecode.swift; path = RegisterOtpVC.swift; sourceTree = "<group>"; };
		FAB8E7002BF387A70020ED39 /* PersonalInfoVC.swift */ = {isa = PBXFileReference; lastKnownFileType = sourcecode.swift; path = PersonalInfoVC.swift; sourceTree = "<group>"; };
		FABBA10D2BE8ECA800B2F933 /* ForgotPassword3.swift */ = {isa = PBXFileReference; lastKnownFileType = sourcecode.swift; path = ForgotPassword3.swift; sourceTree = "<group>"; };
		FAC251B92B9ECB5E0076DE75 /* JobDetailScreen.swift */ = {isa = PBXFileReference; lastKnownFileType = sourcecode.swift; path = JobDetailScreen.swift; sourceTree = "<group>"; };
		FAC3A1362B9191C500E17AFD /* olousTabBar.app */ = {isa = PBXFileReference; explicitFileType = wrapper.application; includeInIndex = 0; path = olousTabBar.app; sourceTree = BUILT_PRODUCTS_DIR; };
		FAC3A1392B9191C500E17AFD /* AppDelegate.swift */ = {isa = PBXFileReference; lastKnownFileType = sourcecode.swift; path = AppDelegate.swift; sourceTree = "<group>"; };
		FAC3A13B2B9191C600E17AFD /* SceneDelegate.swift */ = {isa = PBXFileReference; lastKnownFileType = sourcecode.swift; path = SceneDelegate.swift; sourceTree = "<group>"; };
		FAC3A13D2B9191C600E17AFD /* ViewController.swift */ = {isa = PBXFileReference; lastKnownFileType = sourcecode.swift; path = ViewController.swift; sourceTree = "<group>"; };
		FAC3A1402B9191C600E17AFD /* Base */ = {isa = PBXFileReference; lastKnownFileType = file.storyboard; name = Base; path = Base.lproj/Main.storyboard; sourceTree = "<group>"; };
		FAC3A1422B9191C700E17AFD /* Assets.xcassets */ = {isa = PBXFileReference; lastKnownFileType = folder.assetcatalog; path = Assets.xcassets; sourceTree = "<group>"; };
		FAC3A1452B9191C700E17AFD /* Base */ = {isa = PBXFileReference; lastKnownFileType = file.storyboard; name = Base; path = Base.lproj/LaunchScreen.storyboard; sourceTree = "<group>"; };
		FAC3A1472B9191C700E17AFD /* Info.plist */ = {isa = PBXFileReference; lastKnownFileType = text.plist.xml; path = Info.plist; sourceTree = "<group>"; };
		FAC3A14E2B91927200E17AFD /* TabBarController.swift */ = {isa = PBXFileReference; lastKnownFileType = sourcecode.swift; path = TabBarController.swift; sourceTree = "<group>"; };
		FAC3A1502B919F2500E17AFD /* HomeController.swift */ = {isa = PBXFileReference; lastKnownFileType = sourcecode.swift; path = HomeController.swift; sourceTree = "<group>"; };
		FAC3A1522B919F3F00E17AFD /* MyJobsController.swift */ = {isa = PBXFileReference; lastKnownFileType = sourcecode.swift; path = MyJobsController.swift; sourceTree = "<group>"; };
		FAC3A1542B919F5400E17AFD /* CompanyController.swift */ = {isa = PBXFileReference; lastKnownFileType = sourcecode.swift; path = CompanyController.swift; sourceTree = "<group>"; };
		FAC3A1562B919F6400E17AFD /* ProfileController.swift */ = {isa = PBXFileReference; lastKnownFileType = sourcecode.swift; path = ProfileController.swift; sourceTree = "<group>"; };
		FAC972402BBD2C620026C32D /* SoftwaresVC.swift */ = {isa = PBXFileReference; lastKnownFileType = sourcecode.swift; path = SoftwaresVC.swift; sourceTree = "<group>"; };
		FACCE4D42BB285C500DAD5D2 /* RegistrationVC.swift */ = {isa = PBXFileReference; lastKnownFileType = sourcecode.swift; path = RegistrationVC.swift; sourceTree = "<group>"; };
		FACCE4D62BB2CAA700DAD5D2 /* LoginVC.swift */ = {isa = PBXFileReference; lastKnownFileType = sourcecode.swift; path = LoginVC.swift; sourceTree = "<group>"; };
		FACCE4D82BB2D80B00DAD5D2 /* ForgotPassword1.swift */ = {isa = PBXFileReference; lastKnownFileType = sourcecode.swift; path = ForgotPassword1.swift; sourceTree = "<group>"; };
		FACCE4DB2BB2F3C600DAD5D2 /* ForgotPassword2.swift */ = {isa = PBXFileReference; lastKnownFileType = sourcecode.swift; path = ForgotPassword2.swift; sourceTree = "<group>"; };
		FACDFA832BC3A9FD00E35ED1 /* ProjectCell.swift */ = {isa = PBXFileReference; lastKnownFileType = sourcecode.swift; path = ProjectCell.swift; sourceTree = "<group>"; };
		FACDFA852BC3F33600E35ED1 /* JobModel.swift */ = {isa = PBXFileReference; lastKnownFileType = sourcecode.swift; path = JobModel.swift; sourceTree = "<group>"; };
		FAD04C1E2BBA6EAB000E08E2 /* QualificationsVC.swift */ = {isa = PBXFileReference; lastKnownFileType = sourcecode.swift; path = QualificationsVC.swift; sourceTree = "<group>"; };
		FAD04C202BBA711F000E08E2 /* ProjectsVC.swift */ = {isa = PBXFileReference; lastKnownFileType = sourcecode.swift; path = ProjectsVC.swift; sourceTree = "<group>"; };
		FAD1AE792BE9F17D005573D2 /* ForgotPassword4.swift */ = {isa = PBXFileReference; lastKnownFileType = sourcecode.swift; path = ForgotPassword4.swift; sourceTree = "<group>"; };
		FAD560B82BCF867900A7FCBD /* PreferencesVC.swift */ = {isa = PBXFileReference; lastKnownFileType = sourcecode.swift; path = PreferencesVC.swift; sourceTree = "<group>"; };
		FAE0A1ED2BB3D51500F07B29 /* BasicDetails1.swift */ = {isa = PBXFileReference; lastKnownFileType = sourcecode.swift; path = BasicDetails1.swift; sourceTree = "<group>"; };
		FAF4B59E2BBE8651008E3645 /* LanguageCell.swift */ = {isa = PBXFileReference; lastKnownFileType = sourcecode.swift; path = LanguageCell.swift; sourceTree = "<group>"; };
		FAF4B5A02BBEA728008E3645 /* Skill-Software Cell.swift */ = {isa = PBXFileReference; lastKnownFileType = sourcecode.swift; path = "Skill-Software Cell.swift"; sourceTree = "<group>"; };
/* End PBXFileReference section */

/* Begin PBXFrameworksBuildPhase section */
		FAC3A1332B9191C500E17AFD /* Frameworks */ = {
			isa = PBXFrameworksBuildPhase;
			buildActionMask = 2147483647;
			files = (
			);
			runOnlyForDeploymentPostprocessing = 0;
		};
/* End PBXFrameworksBuildPhase section */

/* Begin PBXGroup section */
		D0C2F0122B962AEC00D9C6F9 /* Cells */ = {
			isa = PBXGroup;
			children = (
				D0C2F0132B962B2900D9C6F9 /* CompaniesCell.swift */,
				FAAD4EB32B96EB280020EDA7 /* JobsCell.swift */,
				FAB7B9842BAD424B00B5A9FA /* FilterOptionsCell.swift */,
			);
			path = Cells;
			sourceTree = "<group>";
		};
		FA7C4EBA2BA4052900900BF8 /* Profile */ = {
			isa = PBXGroup;
			children = (
				FAC3A1562B919F6400E17AFD /* ProfileController.swift */,
				FA7C4EBF2BA4259500900BF8 /* EditProfileVC.swift */,
			);
			path = Profile;
			sourceTree = "<group>";
		};
		FA7C4EC12BA4500100900BF8 /* Model */ = {
			isa = PBXGroup;
			children = (
				FA7C4EC22BA4507C00900BF8 /* Model.swift */,
				FACDFA852BC3F33600E35ED1 /* JobModel.swift */,
			);
			path = Model;
			sourceTree = "<group>";
		};
		FA7C4EC42BA4510D00900BF8 /* Helpers */ = {
			isa = PBXGroup;
			children = (
				FAC3A1392B9191C500E17AFD /* AppDelegate.swift */,
				FAC3A13B2B9191C600E17AFD /* SceneDelegate.swift */,
				FAC3A13D2B9191C600E17AFD /* ViewController.swift */,
				FAC3A13F2B9191C600E17AFD /* Main.storyboard */,
				FAC3A1422B9191C700E17AFD /* Assets.xcassets */,
				FA02AEBD2B971ED5005CCEA7 /* OlousLogo.svg */,
				FAB40D252B95912200B50B7F /* locationLogo.jpg */,
				FAC3A1442B9191C700E17AFD /* LaunchScreen.storyboard */,
			);
			path = Helpers;
			sourceTree = "<group>";
		};
		FAACA6B92BA9757400818F0C /* Tab Bar */ = {
			isa = PBXGroup;
			children = (
				FAC3A14E2B91927200E17AFD /* TabBarController.swift */,
			);
			path = "Tab Bar";
			sourceTree = "<group>";
		};
		FAB40D282B95AB9E00B50B7F /* Home */ = {
			isa = PBXGroup;
			children = (
				FAC3A1502B919F2500E17AFD /* HomeController.swift */,
				FAB40D292B95ABC600B50B7F /* JobSearchScreen.swift */,
				FAB333302BD7745D00D05685 /* JobSearchResult2.swift */,
				FAC251B92B9ECB5E0076DE75 /* JobDetailScreen.swift */,
			);
			path = Home;
			sourceTree = "<group>";
		};
		FAB7B9862BAD440700B5A9FA /* MyJobs */ = {
			isa = PBXGroup;
			children = (
				FAC3A1522B919F3F00E17AFD /* MyJobsController.swift */,
			);
			path = MyJobs;
			sourceTree = "<group>";
		};
		FAB7B9872BAD441400B5A9FA /* Companies */ = {
			isa = PBXGroup;
			children = (
				FAC3A1542B919F5400E17AFD /* CompanyController.swift */,
				FAB45ACE2BEC84C700D9C283 /* CompanyDetailVC.swift */,
			);
			path = Companies;
			sourceTree = "<group>";
		};
		FAC3A12D2B9191C500E17AFD = {
			isa = PBXGroup;
			children = (
				FAC3A1382B9191C500E17AFD /* olousTabBar */,
				FAC3A1372B9191C500E17AFD /* Products */,
			);
			sourceTree = "<group>";
			wrapsLines = 0;
		};
		FAC3A1372B9191C500E17AFD /* Products */ = {
			isa = PBXGroup;
			children = (
				FAC3A1362B9191C500E17AFD /* olousTabBar.app */,
			);
			name = Products;
			sourceTree = "<group>";
		};
		FAC3A1382B9191C500E17AFD /* olousTabBar */ = {
			isa = PBXGroup;
			children = (
				FAC3A1472B9191C700E17AFD /* Info.plist */,
				FA7C4EC42BA4510D00900BF8 /* Helpers */,
				FA7C4EC12BA4500100900BF8 /* Model */,
				FACCE4D32BB283BB00DAD5D2 /* LogIn-Registration Screens */,
				FAE0A1EC2BB3D40900F07B29 /* Onboarding */,
				FAC3A14D2B91925300E17AFD /* Dashboard-Home */,
			);
			path = olousTabBar;
			sourceTree = "<group>";
		};
		FAC3A14D2B91925300E17AFD /* Dashboard-Home */ = {
			isa = PBXGroup;
			children = (
				D0C2F0122B962AEC00D9C6F9 /* Cells */,
				FAACA6B92BA9757400818F0C /* Tab Bar */,
				FAB7B9862BAD440700B5A9FA /* MyJobs */,
				FAB7B9872BAD441400B5A9FA /* Companies */,
				FAB40D282B95AB9E00B50B7F /* Home */,
				FA7C4EBA2BA4052900900BF8 /* Profile */,
			);
			path = "Dashboard-Home";
			sourceTree = "<group>";
		};
		FACCE4D32BB283BB00DAD5D2 /* LogIn-Registration Screens */ = {
			isa = PBXGroup;
			children = (
				FACCE4D42BB285C500DAD5D2 /* RegistrationVC.swift */,
				FAB8E6FE2BF340180020ED39 /* RegisterOtpVC.swift */,
				FACCE4D62BB2CAA700DAD5D2 /* LoginVC.swift */,
				FAAD6F892BF215620005AC93 /* LoginOtpVC.swift */,
				FACCE4D82BB2D80B00DAD5D2 /* ForgotPassword1.swift */,
				FACCE4DB2BB2F3C600DAD5D2 /* ForgotPassword2.swift */,
				FABBA10D2BE8ECA800B2F933 /* ForgotPassword3.swift */,
				FAD1AE792BE9F17D005573D2 /* ForgotPassword4.swift */,
			);
			path = "LogIn-Registration Screens";
			sourceTree = "<group>";
		};
		FAE0A1EC2BB3D40900F07B29 /* Onboarding */ = {
			isa = PBXGroup;
			children = (
				FAF4B59D2BBE84F2008E3645 /* Cells */,
				FAE0A1ED2BB3D51500F07B29 /* BasicDetails1.swift */,
				FAD04C1E2BBA6EAB000E08E2 /* QualificationsVC.swift */,
				FA9AB5692BBFBDC600D013BF /* EmploymentsVC.swift */,
				FAC972402BBD2C620026C32D /* SoftwaresVC.swift */,
				FAD04C202BBA711F000E08E2 /* ProjectsVC.swift */,
				FAA8EBD12BBBCA2100F11455 /* SkillsVC.swift */,
				FAB8E7002BF387A70020ED39 /* PersonalInfoVC.swift */,
				FAD560B82BCF867900A7FCBD /* PreferencesVC.swift */,
				FAA2C5402BB404380006E7A6 /* HeadlineAndSummary.swift */,
			);
			path = Onboarding;
			sourceTree = "<group>";
		};
		FAF4B59D2BBE84F2008E3645 /* Cells */ = {
			isa = PBXGroup;
			children = (
				FAF4B59E2BBE8651008E3645 /* LanguageCell.swift */,
				FAF4B5A02BBEA728008E3645 /* Skill-Software Cell.swift */,
				FA9AB5672BBFB99E00D013BF /* EmploymentCell.swift */,
				FACDFA832BC3A9FD00E35ED1 /* ProjectCell.swift */,
				FAAF181C2BC9053B0087699B /* EducationCell.swift */,
			);
			path = Cells;
			sourceTree = "<group>";
		};
/* End PBXGroup section */

/* Begin PBXNativeTarget section */
		FAC3A1352B9191C500E17AFD /* olousTabBar */ = {
			isa = PBXNativeTarget;
			buildConfigurationList = FAC3A14A2B9191C700E17AFD /* Build configuration list for PBXNativeTarget "olousTabBar" */;
			buildPhases = (
				FAC3A1322B9191C500E17AFD /* Sources */,
				FAC3A1332B9191C500E17AFD /* Frameworks */,
				FAC3A1342B9191C500E17AFD /* Resources */,
			);
			buildRules = (
			);
			dependencies = (
			);
			name = olousTabBar;
			productName = olousTabBar;
			productReference = FAC3A1362B9191C500E17AFD /* olousTabBar.app */;
			productType = "com.apple.product-type.application";
		};
/* End PBXNativeTarget section */

/* Begin PBXProject section */
		FAC3A12E2B9191C500E17AFD /* Project object */ = {
			isa = PBXProject;
			attributes = {
				BuildIndependentTargetsInParallel = 1;
				LastSwiftUpdateCheck = 1520;
				LastUpgradeCheck = 1520;
				TargetAttributes = {
					FAC3A1352B9191C500E17AFD = {
						CreatedOnToolsVersion = 15.2;
					};
				};
			};
			buildConfigurationList = FAC3A1312B9191C500E17AFD /* Build configuration list for PBXProject "olousTabBar" */;
			compatibilityVersion = "Xcode 14.0";
			developmentRegion = en;
			hasScannedForEncodings = 0;
			knownRegions = (
				en,
				Base,
			);
			mainGroup = FAC3A12D2B9191C500E17AFD;
			productRefGroup = FAC3A1372B9191C500E17AFD /* Products */;
			projectDirPath = "";
			projectRoot = "";
			targets = (
				FAC3A1352B9191C500E17AFD /* olousTabBar */,
			);
		};
/* End PBXProject section */

/* Begin PBXResourcesBuildPhase section */
		FAC3A1342B9191C500E17AFD /* Resources */ = {
			isa = PBXResourcesBuildPhase;
			buildActionMask = 2147483647;
			files = (
				FAC3A1462B9191C700E17AFD /* LaunchScreen.storyboard in Resources */,
				FAC3A1432B9191C700E17AFD /* Assets.xcassets in Resources */,
				FAC3A1412B9191C600E17AFD /* Main.storyboard in Resources */,
				FA02AEBE2B971ED5005CCEA7 /* OlousLogo.svg in Resources */,
				FAB40D262B95912200B50B7F /* locationLogo.jpg in Resources */,
			);
			runOnlyForDeploymentPostprocessing = 0;
		};
/* End PBXResourcesBuildPhase section */

/* Begin PBXSourcesBuildPhase section */
		FAC3A1322B9191C500E17AFD /* Sources */ = {
			isa = PBXSourcesBuildPhase;
			buildActionMask = 2147483647;
			files = (
				FAC972412BBD2C630026C32D /* SoftwaresVC.swift in Sources */,
				FAA8EBD22BBBCA2100F11455 /* SkillsVC.swift in Sources */,
				FACDFA842BC3A9FD00E35ED1 /* ProjectCell.swift in Sources */,
				FAD1AE7A2BE9F17D005573D2 /* ForgotPassword4.swift in Sources */,
				FABBA10E2BE8ECA800B2F933 /* ForgotPassword3.swift in Sources */,
				FAC3A14F2B91927200E17AFD /* TabBarController.swift in Sources */,
				FA9AB5682BBFB99E00D013BF /* EmploymentCell.swift in Sources */,
				FAB8E6FF2BF340180020ED39 /* RegisterOtpVC.swift in Sources */,
				FAB40D2A2B95ABC600B50B7F /* JobSearchScreen.swift in Sources */,
				FAC251BA2B9ECB5E0076DE75 /* JobDetailScreen.swift in Sources */,
				FAAF181D2BC9053B0087699B /* EducationCell.swift in Sources */,
				FACCE4D52BB285C500DAD5D2 /* RegistrationVC.swift in Sources */,
				FAC3A1552B919F5400E17AFD /* CompanyController.swift in Sources */,
				FAC3A13E2B9191C600E17AFD /* ViewController.swift in Sources */,
				FAF4B5A12BBEA728008E3645 /* Skill-Software Cell.swift in Sources */,
				FAA2C5412BB404380006E7A6 /* HeadlineAndSummary.swift in Sources */,
				FAB8E7012BF387A70020ED39 /* PersonalInfoVC.swift in Sources */,
				FAC3A13A2B9191C500E17AFD /* AppDelegate.swift in Sources */,
				FAD04C1F2BBA6EAB000E08E2 /* QualificationsVC.swift in Sources */,
				FAB45ACF2BEC84C700D9C283 /* CompanyDetailVC.swift in Sources */,
				FA9AB56A2BBFBDC600D013BF /* EmploymentsVC.swift in Sources */,
				FAD560B92BCF867900A7FCBD /* PreferencesVC.swift in Sources */,
				FAE0A1EE2BB3D51500F07B29 /* BasicDetails1.swift in Sources */,
				FAB7B9852BAD424B00B5A9FA /* FilterOptionsCell.swift in Sources */,
				D0C2F0142B962B2900D9C6F9 /* CompaniesCell.swift in Sources */,
				FAAD4EB42B96EB280020EDA7 /* JobsCell.swift in Sources */,
				FAD04C212BBA711F000E08E2 /* ProjectsVC.swift in Sources */,
				FA7C4EC32BA4507C00900BF8 /* Model.swift in Sources */,
				FAC3A1532B919F3F00E17AFD /* MyJobsController.swift in Sources */,
				FACCE4DC2BB2F3C600DAD5D2 /* ForgotPassword2.swift in Sources */,
				FACCE4D72BB2CAA700DAD5D2 /* LoginVC.swift in Sources */,
				FAB333312BD7745D00D05685 /* JobSearchResult2.swift in Sources */,
				FACDFA862BC3F33600E35ED1 /* JobModel.swift in Sources */,
				FAC3A13C2B9191C600E17AFD /* SceneDelegate.swift in Sources */,
				FAAD6F8A2BF215620005AC93 /* LoginOtpVC.swift in Sources */,
				FAC3A1512B919F2500E17AFD /* HomeController.swift in Sources */,
				FA7C4EC02BA4259600900BF8 /* EditProfileVC.swift in Sources */,
				FAF4B59F2BBE8651008E3645 /* LanguageCell.swift in Sources */,
				FACCE4D92BB2D80B00DAD5D2 /* ForgotPassword1.swift in Sources */,
				FAC3A1572B919F6400E17AFD /* ProfileController.swift in Sources */,
			);
			runOnlyForDeploymentPostprocessing = 0;
		};
/* End PBXSourcesBuildPhase section */

/* Begin PBXVariantGroup section */
		FAC3A13F2B9191C600E17AFD /* Main.storyboard */ = {
			isa = PBXVariantGroup;
			children = (
				FAC3A1402B9191C600E17AFD /* Base */,
			);
			name = Main.storyboard;
			sourceTree = "<group>";
		};
		FAC3A1442B9191C700E17AFD /* LaunchScreen.storyboard */ = {
			isa = PBXVariantGroup;
			children = (
				FAC3A1452B9191C700E17AFD /* Base */,
			);
			name = LaunchScreen.storyboard;
			sourceTree = "<group>";
		};
/* End PBXVariantGroup section */

/* Begin XCBuildConfiguration section */
		FAC3A1482B9191C700E17AFD /* Debug */ = {
			isa = XCBuildConfiguration;
			buildSettings = {
				ALWAYS_SEARCH_USER_PATHS = NO;
				ASSETCATALOG_COMPILER_GENERATE_SWIFT_ASSET_SYMBOL_EXTENSIONS = YES;
				CLANG_ANALYZER_NONNULL = YES;
				CLANG_ANALYZER_NUMBER_OBJECT_CONVERSION = YES_AGGRESSIVE;
				CLANG_CXX_LANGUAGE_STANDARD = "gnu++20";
				CLANG_ENABLE_MODULES = YES;
				CLANG_ENABLE_OBJC_ARC = YES;
				CLANG_ENABLE_OBJC_WEAK = YES;
				CLANG_WARN_BLOCK_CAPTURE_AUTORELEASING = YES;
				CLANG_WARN_BOOL_CONVERSION = YES;
				CLANG_WARN_COMMA = YES;
				CLANG_WARN_CONSTANT_CONVERSION = YES;
				CLANG_WARN_DEPRECATED_OBJC_IMPLEMENTATIONS = YES;
				CLANG_WARN_DIRECT_OBJC_ISA_USAGE = YES_ERROR;
				CLANG_WARN_DOCUMENTATION_COMMENTS = YES;
				CLANG_WARN_EMPTY_BODY = YES;
				CLANG_WARN_ENUM_CONVERSION = YES;
				CLANG_WARN_INFINITE_RECURSION = YES;
				CLANG_WARN_INT_CONVERSION = YES;
				CLANG_WARN_NON_LITERAL_NULL_CONVERSION = YES;
				CLANG_WARN_OBJC_IMPLICIT_RETAIN_SELF = YES;
				CLANG_WARN_OBJC_LITERAL_CONVERSION = YES;
				CLANG_WARN_OBJC_ROOT_CLASS = YES_ERROR;
				CLANG_WARN_QUOTED_INCLUDE_IN_FRAMEWORK_HEADER = YES;
				CLANG_WARN_RANGE_LOOP_ANALYSIS = YES;
				CLANG_WARN_STRICT_PROTOTYPES = YES;
				CLANG_WARN_SUSPICIOUS_MOVE = YES;
				CLANG_WARN_UNGUARDED_AVAILABILITY = YES_AGGRESSIVE;
				CLANG_WARN_UNREACHABLE_CODE = YES;
				CLANG_WARN__DUPLICATE_METHOD_MATCH = YES;
				COPY_PHASE_STRIP = NO;
				DEBUG_INFORMATION_FORMAT = dwarf;
				ENABLE_STRICT_OBJC_MSGSEND = YES;
				ENABLE_TESTABILITY = YES;
				ENABLE_USER_SCRIPT_SANDBOXING = YES;
				GCC_C_LANGUAGE_STANDARD = gnu17;
				GCC_DYNAMIC_NO_PIC = NO;
				GCC_NO_COMMON_BLOCKS = YES;
				GCC_OPTIMIZATION_LEVEL = 0;
				GCC_PREPROCESSOR_DEFINITIONS = (
					"DEBUG=1",
					"$(inherited)",
				);
				GCC_WARN_64_TO_32_BIT_CONVERSION = YES;
				GCC_WARN_ABOUT_RETURN_TYPE = YES_ERROR;
				GCC_WARN_UNDECLARED_SELECTOR = YES;
				GCC_WARN_UNINITIALIZED_AUTOS = YES_AGGRESSIVE;
				GCC_WARN_UNUSED_FUNCTION = YES;
				GCC_WARN_UNUSED_VARIABLE = YES;
				IPHONEOS_DEPLOYMENT_TARGET = 17.2;
				LOCALIZATION_PREFERS_STRING_CATALOGS = YES;
				MTL_ENABLE_DEBUG_INFO = INCLUDE_SOURCE;
				MTL_FAST_MATH = YES;
				ONLY_ACTIVE_ARCH = YES;
				SDKROOT = iphoneos;
				SWIFT_ACTIVE_COMPILATION_CONDITIONS = "DEBUG $(inherited)";
				SWIFT_OPTIMIZATION_LEVEL = "-Onone";
			};
			name = Debug;
		};
		FAC3A1492B9191C700E17AFD /* Release */ = {
			isa = XCBuildConfiguration;
			buildSettings = {
				ALWAYS_SEARCH_USER_PATHS = NO;
				ASSETCATALOG_COMPILER_GENERATE_SWIFT_ASSET_SYMBOL_EXTENSIONS = YES;
				CLANG_ANALYZER_NONNULL = YES;
				CLANG_ANALYZER_NUMBER_OBJECT_CONVERSION = YES_AGGRESSIVE;
				CLANG_CXX_LANGUAGE_STANDARD = "gnu++20";
				CLANG_ENABLE_MODULES = YES;
				CLANG_ENABLE_OBJC_ARC = YES;
				CLANG_ENABLE_OBJC_WEAK = YES;
				CLANG_WARN_BLOCK_CAPTURE_AUTORELEASING = YES;
				CLANG_WARN_BOOL_CONVERSION = YES;
				CLANG_WARN_COMMA = YES;
				CLANG_WARN_CONSTANT_CONVERSION = YES;
				CLANG_WARN_DEPRECATED_OBJC_IMPLEMENTATIONS = YES;
				CLANG_WARN_DIRECT_OBJC_ISA_USAGE = YES_ERROR;
				CLANG_WARN_DOCUMENTATION_COMMENTS = YES;
				CLANG_WARN_EMPTY_BODY = YES;
				CLANG_WARN_ENUM_CONVERSION = YES;
				CLANG_WARN_INFINITE_RECURSION = YES;
				CLANG_WARN_INT_CONVERSION = YES;
				CLANG_WARN_NON_LITERAL_NULL_CONVERSION = YES;
				CLANG_WARN_OBJC_IMPLICIT_RETAIN_SELF = YES;
				CLANG_WARN_OBJC_LITERAL_CONVERSION = YES;
				CLANG_WARN_OBJC_ROOT_CLASS = YES_ERROR;
				CLANG_WARN_QUOTED_INCLUDE_IN_FRAMEWORK_HEADER = YES;
				CLANG_WARN_RANGE_LOOP_ANALYSIS = YES;
				CLANG_WARN_STRICT_PROTOTYPES = YES;
				CLANG_WARN_SUSPICIOUS_MOVE = YES;
				CLANG_WARN_UNGUARDED_AVAILABILITY = YES_AGGRESSIVE;
				CLANG_WARN_UNREACHABLE_CODE = YES;
				CLANG_WARN__DUPLICATE_METHOD_MATCH = YES;
				COPY_PHASE_STRIP = NO;
				DEBUG_INFORMATION_FORMAT = "dwarf-with-dsym";
				ENABLE_NS_ASSERTIONS = NO;
				ENABLE_STRICT_OBJC_MSGSEND = YES;
				ENABLE_USER_SCRIPT_SANDBOXING = YES;
				GCC_C_LANGUAGE_STANDARD = gnu17;
				GCC_NO_COMMON_BLOCKS = YES;
				GCC_WARN_64_TO_32_BIT_CONVERSION = YES;
				GCC_WARN_ABOUT_RETURN_TYPE = YES_ERROR;
				GCC_WARN_UNDECLARED_SELECTOR = YES;
				GCC_WARN_UNINITIALIZED_AUTOS = YES_AGGRESSIVE;
				GCC_WARN_UNUSED_FUNCTION = YES;
				GCC_WARN_UNUSED_VARIABLE = YES;
				IPHONEOS_DEPLOYMENT_TARGET = 17.2;
				LOCALIZATION_PREFERS_STRING_CATALOGS = YES;
				MTL_ENABLE_DEBUG_INFO = NO;
				MTL_FAST_MATH = YES;
				SDKROOT = iphoneos;
				SWIFT_COMPILATION_MODE = wholemodule;
				VALIDATE_PRODUCT = YES;
			};
			name = Release;
		};
		FAC3A14B2B9191C700E17AFD /* Debug */ = {
			isa = XCBuildConfiguration;
			buildSettings = {
				ASSETCATALOG_COMPILER_APPICON_NAME = AppIcon;
				ASSETCATALOG_COMPILER_GLOBAL_ACCENT_COLOR_NAME = AccentColor;
				CODE_SIGN_STYLE = Automatic;
				CURRENT_PROJECT_VERSION = 1;
				DEVELOPMENT_TEAM = M937Z35NWS;
				GENERATE_INFOPLIST_FILE = YES;
				INFOPLIST_FILE = olousTabBar/Info.plist;
				INFOPLIST_KEY_UIApplicationSupportsIndirectInputEvents = YES;
				INFOPLIST_KEY_UILaunchStoryboardName = LaunchScreen;
				INFOPLIST_KEY_UIMainStoryboardFile = Main;
				INFOPLIST_KEY_UISupportedInterfaceOrientations = UIInterfaceOrientationPortrait;
				IPHONEOS_DEPLOYMENT_TARGET = 13.1;
				LD_RUNPATH_SEARCH_PATHS = (
					"$(inherited)",
					"@executable_path/Frameworks",
				);
				MARKETING_VERSION = 1.0;
				PRODUCT_BUNDLE_IDENTIFIER = com.example.com.olousTabBar;
				PRODUCT_NAME = "$(TARGET_NAME)";
				SWIFT_EMIT_LOC_STRINGS = YES;
				SWIFT_VERSION = 5.0;
				TARGETED_DEVICE_FAMILY = "1,2";
			};
			name = Debug;
		};
		FAC3A14C2B9191C700E17AFD /* Release */ = {
			isa = XCBuildConfiguration;
			buildSettings = {
				ASSETCATALOG_COMPILER_APPICON_NAME = AppIcon;
				ASSETCATALOG_COMPILER_GLOBAL_ACCENT_COLOR_NAME = AccentColor;
				CODE_SIGN_STYLE = Automatic;
				CURRENT_PROJECT_VERSION = 1;
				DEVELOPMENT_TEAM = M937Z35NWS;
				GENERATE_INFOPLIST_FILE = YES;
				INFOPLIST_FILE = olousTabBar/Info.plist;
				INFOPLIST_KEY_UIApplicationSupportsIndirectInputEvents = YES;
				INFOPLIST_KEY_UILaunchStoryboardName = LaunchScreen;
				INFOPLIST_KEY_UIMainStoryboardFile = Main;
				INFOPLIST_KEY_UISupportedInterfaceOrientations = UIInterfaceOrientationPortrait;
				IPHONEOS_DEPLOYMENT_TARGET = 13.1;
				LD_RUNPATH_SEARCH_PATHS = (
					"$(inherited)",
					"@executable_path/Frameworks",
				);
				MARKETING_VERSION = 1.0;
				PRODUCT_BUNDLE_IDENTIFIER = com.example.com.olousTabBar;
				PRODUCT_NAME = "$(TARGET_NAME)";
				SWIFT_EMIT_LOC_STRINGS = YES;
				SWIFT_VERSION = 5.0;
				TARGETED_DEVICE_FAMILY = "1,2";
			};
			name = Release;
		};
/* End XCBuildConfiguration section */

/* Begin XCConfigurationList section */
		FAC3A1312B9191C500E17AFD /* Build configuration list for PBXProject "olousTabBar" */ = {
			isa = XCConfigurationList;
			buildConfigurations = (
				FAC3A1482B9191C700E17AFD /* Debug */,
				FAC3A1492B9191C700E17AFD /* Release */,
			);
			defaultConfigurationIsVisible = 0;
			defaultConfigurationName = Release;
		};
		FAC3A14A2B9191C700E17AFD /* Build configuration list for PBXNativeTarget "olousTabBar" */ = {
			isa = XCConfigurationList;
			buildConfigurations = (
				FAC3A14B2B9191C700E17AFD /* Debug */,
				FAC3A14C2B9191C700E17AFD /* Release */,
			);
			defaultConfigurationIsVisible = 0;
			defaultConfigurationName = Release;
		};
/* End XCConfigurationList section */
	};
	rootObject = FAC3A12E2B9191C500E17AFD /* Project object */;
}
